
Microsoft Visual Studio Solution File, Format Version 12.00
# Visual Studio Version 17
VisualStudioVersion = 17.9.34728.123
MinimumVisualStudioVersion = 10.0.40219.1
Project("{FAE04EC0-301F-11D3-BF4B-00C04F79EFBC}") = "ConsoleApp56_Exception_Handling_create_and_throw_new_custom_exceptions", "ConsoleApp56_Exception_Handling_create_and_throw_new_custom_exceptions.csproj", "{DAD9F3A4-C61C-48BC-962E-B0D17C184823}"
EndProject
Global
	GlobalSection(SolutionConfigurationPlatforms) = preSolution
		Debug|Any CPU = Debug|Any CPU
		Release|Any CPU = Release|Any CPU
	EndGlobalSection
	GlobalSection(ProjectConfigurationPlatforms) = postSolution
		{DAD9F3A4-C61C-48BC-962E-B0D17C184823}.Debug|Any CPU.ActiveCfg = Debug|Any CPU
		{DAD9F3A4-C61C-48BC-962E-B0D17C184823}.Debug|Any CPU.Build.0 = Debug|Any CPU
		{DAD9F3A4-C61C-48BC-962E-B0D17C184823}.Release|Any CPU.ActiveCfg = Release|Any CPU
		{DAD9F3A4-C61C-48BC-962E-B0D17C184823}.Release|Any CPU.Build.0 = Release|Any CPU
	EndGlobalSection
	GlobalSection(SolutionProperties) = preSolution
		HideSolutionNode = FALSE
	EndGlobalSection
	GlobalSection(ExtensibilityGlobals) = postSolution
		SolutionGuid = {5D680D90-78B6-496F-875A-459A7F354088}
	EndGlobalSection
EndGlobal
