
Microsoft Visual Studio Solution File, Format Version 12.00
# Visual Studio Version 17
VisualStudioVersion = 17.9.34728.123
MinimumVisualStudioVersion = 10.0.40219.1
Project("{FAE04EC0-301F-11D3-BF4B-00C04F79EFBC}") = "ConsoleApp6_Enums", "ConsoleApp6_Enums.csproj", "{8EF4D231-817E-44C0-97AA-44C8D18BA38F}"
EndProject
Global
	GlobalSection(SolutionConfigurationPlatforms) = preSolution
		Debug|Any CPU = Debug|Any CPU
		Release|Any CPU = Release|Any CPU
	EndGlobalSection
	GlobalSection(ProjectConfigurationPlatforms) = postSolution
		{8EF4D231-817E-44C0-97AA-44C8D18BA38F}.Debug|Any CPU.ActiveCfg = Debug|Any CPU
		{8EF4D231-817E-44C0-97AA-44C8D18BA38F}.Debug|Any CPU.Build.0 = Debug|Any CPU
		{8EF4D231-817E-44C0-97AA-44C8D18BA38F}.Release|Any CPU.ActiveCfg = Release|Any CPU
		{8EF4D231-817E-44C0-97AA-44C8D18BA38F}.Release|Any CPU.Build.0 = Release|Any CPU
	EndGlobalSection
	GlobalSection(SolutionProperties) = preSolution
		HideSolutionNode = FALSE
	EndGlobalSection
	GlobalSection(ExtensibilityGlobals) = postSolution
		SolutionGuid = {8D9AB5FC-564C-4A59-ABF7-9F9ECE4BCD9B}
	EndGlobalSection
EndGlobal
