
Microsoft Visual Studio Solution File, Format Version 12.00
# Visual Studio Version 17
VisualStudioVersion = 17.9.34728.123
MinimumVisualStudioVersion = 10.0.40219.1
Project("{FAE04EC0-301F-11D3-BF4B-00C04F79EFBC}") = "ConsoleApp25_Classes", "ConsoleApp25_Classes.csproj", "{2FFFA2D5-1333-4067-8BC1-78D4AA0EEB5F}"
EndProject
Global
	GlobalSection(SolutionConfigurationPlatforms) = preSolution
		Debug|Any CPU = Debug|Any CPU
		Release|Any CPU = Release|Any CPU
	EndGlobalSection
	GlobalSection(ProjectConfigurationPlatforms) = postSolution
		{2FFFA2D5-1333-4067-8BC1-78D4AA0EEB5F}.Debug|Any CPU.ActiveCfg = Debug|Any CPU
		{2FFFA2D5-1333-4067-8BC1-78D4AA0EEB5F}.Debug|Any CPU.Build.0 = Debug|Any CPU
		{2FFFA2D5-1333-4067-8BC1-78D4AA0EEB5F}.Release|Any CPU.ActiveCfg = Release|Any CPU
		{2FFFA2D5-1333-4067-8BC1-78D4AA0EEB5F}.Release|Any CPU.Build.0 = Release|Any CPU
	EndGlobalSection
	GlobalSection(SolutionProperties) = preSolution
		HideSolutionNode = FALSE
	EndGlobalSection
	GlobalSection(ExtensibilityGlobals) = postSolution
		SolutionGuid = {57D79072-9924-4CD1-AFE1-F5B03302968D}
	EndGlobalSection
EndGlobal
