
Microsoft Visual Studio Solution File, Format Version 12.00
# Visual Studio Version 17
VisualStudioVersion = 17.9.34728.123
MinimumVisualStudioVersion = 10.0.40219.1
Project("{FAE04EC0-301F-11D3-BF4B-00C04F79EFBC}") = "ConsoleApp46b_GenericList_with_constraint_to_an_Interface", "ConsoleApp46b_GenericList_with_constraint_to_an_Interface.csproj", "{B31E0F6F-584F-42C1-8305-9219BD8A4461}"
EndProject
Global
	GlobalSection(SolutionConfigurationPlatforms) = preSolution
		Debug|Any CPU = Debug|Any CPU
		Release|Any CPU = Release|Any CPU
	EndGlobalSection
	GlobalSection(ProjectConfigurationPlatforms) = postSolution
		{B31E0F6F-584F-42C1-8305-9219BD8A4461}.Debug|Any CPU.ActiveCfg = Debug|Any CPU
		{B31E0F6F-584F-42C1-8305-9219BD8A4461}.Debug|Any CPU.Build.0 = Debug|Any CPU
		{B31E0F6F-584F-42C1-8305-9219BD8A4461}.Release|Any CPU.ActiveCfg = Release|Any CPU
		{B31E0F6F-584F-42C1-8305-9219BD8A4461}.Release|Any CPU.Build.0 = Release|Any CPU
	EndGlobalSection
	GlobalSection(SolutionProperties) = preSolution
		HideSolutionNode = FALSE
	EndGlobalSection
	GlobalSection(ExtensibilityGlobals) = postSolution
		SolutionGuid = {1D61494B-D686-45F5-B3DA-2143DE1BAE23}
	EndGlobalSection
EndGlobal
