
Microsoft Visual Studio Solution File, Format Version 12.00
# Visual Studio Version 17
VisualStudioVersion = 17.9.34728.123
MinimumVisualStudioVersion = 10.0.40219.1
Project("{FAE04EC0-301F-11D3-BF4B-00C04F79EFBC}") = "ConsoleApp52_Nullable_Types", "ConsoleApp52_Nullable_Types.csproj", "{E033D183-FBE9-49EE-B142-F8A30CBF1FB8}"
EndProject
Global
	GlobalSection(SolutionConfigurationPlatforms) = preSolution
		Debug|Any CPU = Debug|Any CPU
		Release|Any CPU = Release|Any CPU
	EndGlobalSection
	GlobalSection(ProjectConfigurationPlatforms) = postSolution
		{E033D183-FBE9-49EE-B142-F8A30CBF1FB8}.Debug|Any CPU.ActiveCfg = Debug|Any CPU
		{E033D183-FBE9-49EE-B142-F8A30CBF1FB8}.Debug|Any CPU.Build.0 = Debug|Any CPU
		{E033D183-FBE9-49EE-B142-F8A30CBF1FB8}.Release|Any CPU.ActiveCfg = Release|Any CPU
		{E033D183-FBE9-49EE-B142-F8A30CBF1FB8}.Release|Any CPU.Build.0 = Release|Any CPU
	EndGlobalSection
	GlobalSection(SolutionProperties) = preSolution
		HideSolutionNode = FALSE
	EndGlobalSection
	GlobalSection(ExtensibilityGlobals) = postSolution
		SolutionGuid = {6510D81C-CBFD-4DEC-B36E-F63C9E7DA2D0}
	EndGlobalSection
EndGlobal
