
Microsoft Visual Studio Solution File, Format Version 12.00
# Visual Studio Version 17
VisualStudioVersion = 17.9.34728.123
MinimumVisualStudioVersion = 10.0.40219.1
Project("{FAE04EC0-301F-11D3-BF4B-00C04F79EFBC}") = "ConsoleApp16_Arrays_and_Lists_Exercises", "ConsoleApp16_Arrays_and_Lists_Exercises.csproj", "{A40FA0DE-D80C-481D-B331-0A8CFEDE92BD}"
EndProject
Global
	GlobalSection(SolutionConfigurationPlatforms) = preSolution
		Debug|Any CPU = Debug|Any CPU
		Release|Any CPU = Release|Any CPU
	EndGlobalSection
	GlobalSection(ProjectConfigurationPlatforms) = postSolution
		{A40FA0DE-D80C-481D-B331-0A8CFEDE92BD}.Debug|Any CPU.ActiveCfg = Debug|Any CPU
		{A40FA0DE-D80C-481D-B331-0A8CFEDE92BD}.Debug|Any CPU.Build.0 = Debug|Any CPU
		{A40FA0DE-D80C-481D-B331-0A8CFEDE92BD}.Release|Any CPU.ActiveCfg = Release|Any CPU
		{A40FA0DE-D80C-481D-B331-0A8CFEDE92BD}.Release|Any CPU.Build.0 = Release|Any CPU
	EndGlobalSection
	GlobalSection(SolutionProperties) = preSolution
		HideSolutionNode = FALSE
	EndGlobalSection
	GlobalSection(ExtensibilityGlobals) = postSolution
		SolutionGuid = {4D401C09-7A25-4655-B657-67D4CD6B8527}
	EndGlobalSection
EndGlobal
