
Microsoft Visual Studio Solution File, Format Version 12.00
# Visual Studio Version 17
VisualStudioVersion = 17.9.34728.123
MinimumVisualStudioVersion = 10.0.40219.1
Project("{FAE04EC0-301F-11D3-BF4B-00C04F79EFBC}") = "ConsoleApp43_Interfaces_are_NOT_for_Multiple_Inheritance", "ConsoleApp43_Interfaces_are_NOT_for_Multiple_Inheritance.csproj", "{F1F8D2E5-75E4-4A0A-A8B0-BBCF0F1684A3}"
EndProject
Global
	GlobalSection(SolutionConfigurationPlatforms) = preSolution
		Debug|Any CPU = Debug|Any CPU
		Release|Any CPU = Release|Any CPU
	EndGlobalSection
	GlobalSection(ProjectConfigurationPlatforms) = postSolution
		{F1F8D2E5-75E4-4A0A-A8B0-BBCF0F1684A3}.Debug|Any CPU.ActiveCfg = Debug|Any CPU
		{F1F8D2E5-75E4-4A0A-A8B0-BBCF0F1684A3}.Debug|Any CPU.Build.0 = Debug|Any CPU
		{F1F8D2E5-75E4-4A0A-A8B0-BBCF0F1684A3}.Release|Any CPU.ActiveCfg = Release|Any CPU
		{F1F8D2E5-75E4-4A0A-A8B0-BBCF0F1684A3}.Release|Any CPU.Build.0 = Release|Any CPU
	EndGlobalSection
	GlobalSection(SolutionProperties) = preSolution
		HideSolutionNode = FALSE
	EndGlobalSection
	GlobalSection(ExtensibilityGlobals) = postSolution
		SolutionGuid = {6BCB0DF7-BAEC-4B86-BDAE-8E0F361D2C63}
	EndGlobalSection
EndGlobal
