
Microsoft Visual Studio Solution File, Format Version 12.00
# Visual Studio Version 17
VisualStudioVersion = 17.9.34728.123
MinimumVisualStudioVersion = 10.0.40219.1
Project("{9A19103F-16F7-4668-BE54-9A1E7A4F7556}") = "ConsoleApp41_Interfaces_and_Testability", "ConsoleApp41_Interfaces_and_Testability.csproj", "{55E4A707-9F6D-4EEB-9EAC-B3877BAA6AD3}"
EndProject
Project("{FAE04EC0-301F-11D3-BF4B-00C04F79EFBC}") = "ConsoleApp41_Interfaces_and_Testability_MyTests", "..\ConsoleApp41_Interfaces_and_Testability_MyTests\ConsoleApp41_Interfaces_and_Testability_MyTests.csproj", "{5A21B550-DB6D-4031-82F3-8A0E0D6BB7A6}"
EndProject
Global
	GlobalSection(SolutionConfigurationPlatforms) = preSolution
		Debug|Any CPU = Debug|Any CPU
		Release|Any CPU = Release|Any CPU
	EndGlobalSection
	GlobalSection(ProjectConfigurationPlatforms) = postSolution
		{55E4A707-9F6D-4EEB-9EAC-B3877BAA6AD3}.Debug|Any CPU.ActiveCfg = Debug|Any CPU
		{55E4A707-9F6D-4EEB-9EAC-B3877BAA6AD3}.Debug|Any CPU.Build.0 = Debug|Any CPU
		{55E4A707-9F6D-4EEB-9EAC-B3877BAA6AD3}.Release|Any CPU.ActiveCfg = Release|Any CPU
		{55E4A707-9F6D-4EEB-9EAC-B3877BAA6AD3}.Release|Any CPU.Build.0 = Release|Any CPU
		{5A21B550-DB6D-4031-82F3-8A0E0D6BB7A6}.Debug|Any CPU.ActiveCfg = Debug|Any CPU
		{5A21B550-DB6D-4031-82F3-8A0E0D6BB7A6}.Debug|Any CPU.Build.0 = Debug|Any CPU
		{5A21B550-DB6D-4031-82F3-8A0E0D6BB7A6}.Release|Any CPU.ActiveCfg = Release|Any CPU
		{5A21B550-DB6D-4031-82F3-8A0E0D6BB7A6}.Release|Any CPU.Build.0 = Release|Any CPU
	EndGlobalSection
	GlobalSection(SolutionProperties) = preSolution
		HideSolutionNode = FALSE
	EndGlobalSection
	GlobalSection(ExtensibilityGlobals) = postSolution
		SolutionGuid = {5F5ECB8F-F4EC-4F70-9AB7-E894F06CA084}
	EndGlobalSection
EndGlobal
