
Microsoft Visual Studio Solution File, Format Version 12.00
# Visual Studio Version 17
VisualStudioVersion = 17.9.34728.123
MinimumVisualStudioVersion = 10.0.40219.1
Project("{9A19103F-16F7-4668-BE54-9A1E7A4F7556}") = "ConsoleApp2_PrimitiveTypes", "ConsoleApp2_PrimitiveTypes.csproj", "{038C01C7-1CEA-4A59-AA0E-B870CC877DE1}"
EndProject
Global
	GlobalSection(SolutionConfigurationPlatforms) = preSolution
		Debug|Any CPU = Debug|Any CPU
		Release|Any CPU = Release|Any CPU
	EndGlobalSection
	GlobalSection(ProjectConfigurationPlatforms) = postSolution
		{038C01C7-1CEA-4A59-AA0E-B870CC877DE1}.Debug|Any CPU.ActiveCfg = Debug|Any CPU
		{038C01C7-1CEA-4A59-AA0E-B870CC877DE1}.Debug|Any CPU.Build.0 = Debug|Any CPU
		{038C01C7-1CEA-4A59-AA0E-B870CC877DE1}.Release|Any CPU.ActiveCfg = Release|Any CPU
		{038C01C7-1CEA-4A59-AA0E-B870CC877DE1}.Release|Any CPU.Build.0 = Release|Any CPU
	EndGlobalSection
	GlobalSection(SolutionProperties) = preSolution
		HideSolutionNode = FALSE
	EndGlobalSection
	GlobalSection(ExtensibilityGlobals) = postSolution
		SolutionGuid = {2FBC0760-5E59-4F82-9901-CD07EB64E10D}
	EndGlobalSection
EndGlobal
