
Microsoft Visual Studio Solution File, Format Version 12.00
# Visual Studio Version 17
VisualStudioVersion = 17.9.34728.123
MinimumVisualStudioVersion = 10.0.40219.1
Project("{FAE04EC0-301F-11D3-BF4B-00C04F79EFBC}") = "ConsoleApp30_Access_Modifiers", "ConsoleApp30_Access_Modifiers.csproj", "{6E3D7BA9-BE4F-468E-96E7-4E7AE8F0D34C}"
EndProject
Global
	GlobalSection(SolutionConfigurationPlatforms) = preSolution
		Debug|Any CPU = Debug|Any CPU
		Release|Any CPU = Release|Any CPU
	EndGlobalSection
	GlobalSection(ProjectConfigurationPlatforms) = postSolution
		{6E3D7BA9-BE4F-468E-96E7-4E7AE8F0D34C}.Debug|Any CPU.ActiveCfg = Debug|Any CPU
		{6E3D7BA9-BE4F-468E-96E7-4E7AE8F0D34C}.Debug|Any CPU.Build.0 = Debug|Any CPU
		{6E3D7BA9-BE4F-468E-96E7-4E7AE8F0D34C}.Release|Any CPU.ActiveCfg = Release|Any CPU
		{6E3D7BA9-BE4F-468E-96E7-4E7AE8F0D34C}.Release|Any CPU.Build.0 = Release|Any CPU
	EndGlobalSection
	GlobalSection(SolutionProperties) = preSolution
		HideSolutionNode = FALSE
	EndGlobalSection
	GlobalSection(ExtensibilityGlobals) = postSolution
		SolutionGuid = {0A812B3A-B82E-4B81-9EA8-3CD4C7198B1D}
	EndGlobalSection
EndGlobal
