
Microsoft Visual Studio Solution File, Format Version 12.00
# Visual Studio Version 17
VisualStudioVersion = 17.9.34728.123
MinimumVisualStudioVersion = 10.0.40219.1
Project("{FAE04EC0-301F-11D3-BF4B-00C04F79EFBC}") = "ConsoleApp5_Strings", "ConsoleApp5_Strings.csproj", "{D6E6C453-F491-4A06-86A8-213A514E9350}"
EndProject
Global
	GlobalSection(SolutionConfigurationPlatforms) = preSolution
		Debug|Any CPU = Debug|Any CPU
		Release|Any CPU = Release|Any CPU
	EndGlobalSection
	GlobalSection(ProjectConfigurationPlatforms) = postSolution
		{D6E6C453-F491-4A06-86A8-213A514E9350}.Debug|Any CPU.ActiveCfg = Debug|Any CPU
		{D6E6C453-F491-4A06-86A8-213A514E9350}.Debug|Any CPU.Build.0 = Debug|Any CPU
		{D6E6C453-F491-4A06-86A8-213A514E9350}.Release|Any CPU.ActiveCfg = Release|Any CPU
		{D6E6C453-F491-4A06-86A8-213A514E9350}.Release|Any CPU.Build.0 = Release|Any CPU
	EndGlobalSection
	GlobalSection(SolutionProperties) = preSolution
		HideSolutionNode = FALSE
	EndGlobalSection
	GlobalSection(ExtensibilityGlobals) = postSolution
		SolutionGuid = {50634FF2-375D-4161-940D-5E51A24B3E61}
	EndGlobalSection
EndGlobal
